
Microsoft Visual Studio Solution File, Format Version 12.00
# Visual Studio Version 16
VisualStudioVersion = 16.0.30225.117
MinimumVisualStudioVersion = 10.0.40219.1
Project("{2150E333-8FDC-42A3-9474-1A3956D46DE8}") = "01. Clients", "01. Clients", "{9ADE9013-EAF0-4CCB-8B96-F70197869EC6}"
EndProject
Project("{2150E333-8FDC-42A3-9474-1A3956D46DE8}") = "02. Api.Gateways", "02. Api.Gateways", "{EC66F73D-7A25-411A-A969-3CBB5B3CBA46}"
EndProject
Project("{2150E333-8FDC-42A3-9474-1A3956D46DE8}") = "03. Services", "03. Services", "{01792237-642D-4808-ABE6-834D1C4F5A11}"
EndProject
Project("{2150E333-8FDC-42A3-9474-1A3956D46DE8}") = "01. Identity", "01. Identity", "{0ED47EF1-EDFB-4DED-AF4E-EC349CDE4AAA}"
EndProject
Project("{2150E333-8FDC-42A3-9474-1A3956D46DE8}") = "02. Catalog", "02. Catalog", "{D2F61393-4660-40A4-9C5B-CFDD27EB32D6}"
EndProject
Project("{2150E333-8FDC-42A3-9474-1A3956D46DE8}") = "03. Customer", "03. Customer", "{33D57ADC-FE6E-4E8A-92D1-79E6FFD25C1D}"
EndProject
Project("{2150E333-8FDC-42A3-9474-1A3956D46DE8}") = "04. Order", "04. Order", "{D0A3DAC7-E808-4E09-BCB2-6890487185BB}"
EndProject
Project("{9A19103F-16F7-4668-BE54-9A1E7A4F7556}") = "jostva.Commerce.Catalog.Api", "src\services\Catalog\jostva.Commerce.Catalog.Api\jostva.Commerce.Catalog.Api.csproj", "{153C067A-20B8-4737-AA60-C266B81AFF1F}"
EndProject
Project("{2150E333-8FDC-42A3-9474-1A3956D46DE8}") = "01. API", "01. API", "{38B17F25-FC43-46FF-9BC3-C5AFD938812A}"
EndProject
Project("{2150E333-8FDC-42A3-9474-1A3956D46DE8}") = "02. Services", "02. Services", "{C5FF97C5-8347-4C1D-98E1-CA18A0D9A631}"
EndProject
Project("{2150E333-8FDC-42A3-9474-1A3956D46DE8}") = "03. Persistence", "03. Persistence", "{23124D88-3E08-4AB3-AD74-3CC9B9A09CA2}"
EndProject
Project("{2150E333-8FDC-42A3-9474-1A3956D46DE8}") = "04. Models", "04. Models", "{64181CA6-4C9E-41F5-87A0-774C21423F76}"
EndProject
Project("{9A19103F-16F7-4668-BE54-9A1E7A4F7556}") = "jostva.Commerce.Catalog.Domain", "src\services\Catalog\jostva.Commerce.Catalog.Domain\jostva.Commerce.Catalog.Domain.csproj", "{F1B881F4-76C0-4046-B856-EEC4D6782C55}"
EndProject
Project("{9A19103F-16F7-4668-BE54-9A1E7A4F7556}") = "jostva.Commerce.Catalog.Data", "src\services\Catalog\jostva.Commerce.Catalog.Data\jostva.Commerce.Catalog.Data.csproj", "{B9E7F7E9-94F5-4397-88A5-A2CB29D22FD1}"
EndProject
Project("{9A19103F-16F7-4668-BE54-9A1E7A4F7556}") = "jostva.Commerce.Catalog.Services.Queries", "src\services\Catalog\jostva.Commerce.Catalog.Services.Queries\jostva.Commerce.Catalog.Services.Queries.csproj", "{B7FE5766-EB11-44ED-88F7-DBE4375C0065}"
EndProject
Project("{2150E333-8FDC-42A3-9474-1A3956D46DE8}") = "00. Infrastructure", "00. Infrastructure", "{7DF332D3-31C3-48A5-BA86-BD9C4C3AFD6B}"
EndProject
Project("{9A19103F-16F7-4668-BE54-9A1E7A4F7556}") = "jostva.Infrastructure.Collection", "src\services\Infrastructure\jostva.Infrastructure.Collection\jostva.Infrastructure.Collection.csproj", "{779EE0F4-8E1C-4EA1-A896-185A117DBB33}"
EndProject
Project("{9A19103F-16F7-4668-BE54-9A1E7A4F7556}") = "jostva.Infrastructure.Mapping", "src\services\Infrastructure\jostva.Infrastructure.Mapping\jostva.Infrastructure.Mapping.csproj", "{74D5DF4C-810B-430E-A84C-CCC54F28730A}"
EndProject
Project("{9A19103F-16F7-4668-BE54-9A1E7A4F7556}") = "jostva.Infrastructure.Paging", "src\services\Infrastructure\jostva.Infrastructure.Paging\jostva.Infrastructure.Paging.csproj", "{B97C9564-4AC8-4296-8D8A-8E65D152492B}"
EndProject
Project("{9A19103F-16F7-4668-BE54-9A1E7A4F7556}") = "jostva.Infrastructure.Authentication", "src\services\Infrastructure\jostva.Infrastructure.Authentication\jostva.Infrastructure.Authentication.csproj", "{5C06F689-FD72-4A83-AF51-C5CC9E362634}"
EndProject
Project("{9A19103F-16F7-4668-BE54-9A1E7A4F7556}") = "jostva.Commerce.Catalog.Services.EventHandlers", "src\services\Catalog\jostva.Commerce.Catalog.Services.EventHandlers\jostva.Commerce.Catalog.Services.EventHandlers.csproj", "{6F90AA82-810C-4295-B9C7-82E40AD9658C}"
EndProject
Project("{2150E333-8FDC-42A3-9474-1A3956D46DE8}") = "05. Common", "05. Common", "{616AE8AB-8436-4A97-8756-D2FC27E38532}"
EndProject
Project("{9A19103F-16F7-4668-BE54-9A1E7A4F7556}") = "jostva.Commerce.Catalog.Common", "src\services\Catalog\jostva.Commerce.Catalog.Common\jostva.Commerce.Catalog.Common.csproj", "{5ED7EA9F-4A52-487A-939C-48CFC5B17202}"
EndProject
Project("{2150E333-8FDC-42A3-9474-1A3956D46DE8}") = "04. Common", "04. Common", "{D060F252-F1F3-4D2E-B1C0-CDD3FB324504}"
EndProject
Project("{9A19103F-16F7-4668-BE54-9A1E7A4F7556}") = "jostva.Infrastructure.Logging", "src\common\jostva.Infrastructure.Logging\jostva.Infrastructure.Logging.csproj", "{A20D47AD-BFF7-47A4-9435-407ACA602DAC}"
EndProject
Project("{2150E333-8FDC-42A3-9474-1A3956D46DE8}") = "06. Test", "06. Test", "{0B72AA8A-FC94-42A8-8048-858FA0C2978F}"
EndProject
Project("{9A19103F-16F7-4668-BE54-9A1E7A4F7556}") = "jostva.Commerce.Catalog.Tests", "src\services\Catalog\jostva.Commerce.Catalog.Tests\jostva.Commerce.Catalog.Tests.csproj", "{36DA5021-FEBB-48CC-BB35-95CF1481F7DE}"
EndProject
Project("{2150E333-8FDC-42A3-9474-1A3956D46DE8}") = "01. API", "01. API", "{0A14703F-440A-4872-9CFA-F86DA8CDEA43}"
EndProject
Project("{2150E333-8FDC-42A3-9474-1A3956D46DE8}") = "02. Services", "02. Services", "{6E26F960-BA20-49E8-8159-32B82ED2BAB7}"
EndProject
Project("{2150E333-8FDC-42A3-9474-1A3956D46DE8}") = "03. Persistence", "03. Persistence", "{F33A3902-CE42-4C44-ADB4-2AC741C45640}"
EndProject
Project("{2150E333-8FDC-42A3-9474-1A3956D46DE8}") = "04. Models", "04. Models", "{8E6DB004-CD08-4600-8A87-300C49BD76D3}"
EndProject
Project("{2150E333-8FDC-42A3-9474-1A3956D46DE8}") = "05. Testing", "05. Testing", "{AAE15B82-5BA3-4F60-87AE-BAFAC5DFF5E0}"
EndProject
Project("{9A19103F-16F7-4668-BE54-9A1E7A4F7556}") = "jostva.Commerce.Customer.Domain", "src\services\Customer\jostva.Commerce.Customer.Domain\jostva.Commerce.Customer.Domain.csproj", "{0B21C9B1-E211-4695-8EFA-B1C630E9E53E}"
EndProject
Project("{9A19103F-16F7-4668-BE54-9A1E7A4F7556}") = "jostva.Commerce.Customer.Data", "src\services\Customer\jostva.Commerce.Customer.Data\jostva.Commerce.Customer.Data.csproj", "{80110BED-C1DB-4FC3-9F88-5508941C01DC}"
EndProject
Project("{9A19103F-16F7-4668-BE54-9A1E7A4F7556}") = "jostva.Commerce.Customer.Service.EventHandlers", "src\services\Customer\jostva.Commerce.Customer.EventHandlers\jostva.Commerce.Customer.Service.EventHandlers.csproj", "{BCB6BD57-A91D-4443-9BD4-2EA72F5BE328}"
EndProject
Project("{9A19103F-16F7-4668-BE54-9A1E7A4F7556}") = "jostva.Commerce.Customer.Service.Queries", "src\services\Customer\jostva.Commerce.Customer.Queries\jostva.Commerce.Customer.Service.Queries.csproj", "{8B728EC2-1094-4201-ABBA-FEC89132C542}"
EndProject
Project("{9A19103F-16F7-4668-BE54-9A1E7A4F7556}") = "jostva.Commerce.Customer.Api", "src\services\Customer\jostva.Commerce.Customer.Api\jostva.Commerce.Customer.Api.csproj", "{CE51C580-37B7-494D-926A-D94C8DD6876B}"
EndProject
Project("{2150E333-8FDC-42A3-9474-1A3956D46DE8}") = "01. API", "01. API", "{6DA6EA07-48A6-48C7-8A50-6832936F0794}"
EndProject
Project("{2150E333-8FDC-42A3-9474-1A3956D46DE8}") = "02. Services", "02. Services", "{39B8BE55-EEDF-43DC-B97D-42E689EAFC1E}"
EndProject
Project("{2150E333-8FDC-42A3-9474-1A3956D46DE8}") = "03. Persistence", "03. Persistence", "{9A9B2A3A-8EE4-4530-9E4E-A26B2A7E9989}"
EndProject
Project("{2150E333-8FDC-42A3-9474-1A3956D46DE8}") = "04. Models", "04. Models", "{E7CA0E9C-6584-4CBF-B034-FD86B4482F3E}"
EndProject
Project("{2150E333-8FDC-42A3-9474-1A3956D46DE8}") = "05. Common", "05. Common", "{6762F391-2519-445B-A640-C9C006F5AA62}"
EndProject
Project("{2150E333-8FDC-42A3-9474-1A3956D46DE8}") = "06. Testing", "06. Testing", "{80BD0CFA-5C91-4A14-AAD1-E8F5E88DDE5E}"
EndProject
Project("{9A19103F-16F7-4668-BE54-9A1E7A4F7556}") = "jostva.Commerce.Order.Common", "src\services\Order\jostva.Commerce.Order.Common\jostva.Commerce.Order.Common.csproj", "{F182D813-8291-4F13-88ED-33E03B1FC9BA}"
EndProject
Project("{9A19103F-16F7-4668-BE54-9A1E7A4F7556}") = "jostva.Commerce.Order.Domain", "src\services\Order\jostva.Commerce.Order.Domain\jostva.Commerce.Order.Domain.csproj", "{B942BB8B-CFCF-42A0-B0A9-9B3EA97A7984}"
EndProject
Project("{9A19103F-16F7-4668-BE54-9A1E7A4F7556}") = "jostva.Commerce.Order.Data", "src\services\Order\jostva.Commerce.Order.Data\jostva.Commerce.Order.Data.csproj", "{4840A80E-23D7-47C9-B4A5-460425AB362E}"
EndProject
Project("{9A19103F-16F7-4668-BE54-9A1E7A4F7556}") = "jostva.Commerce.Order.Service.EventHandlers", "src\services\Order\jostva.Commerce.Order.Service.EventHandlers\jostva.Commerce.Order.Service.EventHandlers.csproj", "{A2E3D116-6798-4103-BC4F-9283333DAD4A}"
EndProject
Project("{9A19103F-16F7-4668-BE54-9A1E7A4F7556}") = "jostva.Commerce.Order.Service.Queries", "src\services\Order\jostva.Commerce.Order.Service.Queries\jostva.Commerce.Order.Service.Queries.csproj", "{93DDA5B1-F860-48C7-85B1-36FA9D60BC23}"
EndProject
Project("{9A19103F-16F7-4668-BE54-9A1E7A4F7556}") = "jostva.Commerce.Order.Service.Proxies", "src\services\Order\jostva.Commerce.Order.Service.Proxies\jostva.Commerce.Order.Service.Proxies.csproj", "{676F548F-11F8-44EF-B16B-DBC3D71B5D62}"
EndProject
Project("{9A19103F-16F7-4668-BE54-9A1E7A4F7556}") = "jostva.Commerce.Order.Api", "src\services\Order\jostva.Commerce.Order.Api\jostva.Commerce.Order.Api.csproj", "{954B1057-1A33-424A-B9D9-839DE24EBE85}"
EndProject
Project("{2150E333-8FDC-42A3-9474-1A3956D46DE8}") = "07. Listeners", "07. Listeners", "{903CD4CD-3FE4-4706-BBF2-D9680DE2DAE2}"
EndProject
Project("{9A19103F-16F7-4668-BE54-9A1E7A4F7556}") = "jostva.Commerce.Catalog.Listener", "src\services\Catalog\jostva.Commerce.Catalog.Listener\jostva.Commerce.Catalog.Listener.csproj", "{C50DDCC7-9E2E-479C-9BD8-E4C1597578BC}"
EndProject
Project("{2150E333-8FDC-42A3-9474-1A3956D46DE8}") = "01. API", "01. API", "{6307E8A9-9FC9-4455-9A49-857DACC2E17C}"
EndProject
Project("{2150E333-8FDC-42A3-9474-1A3956D46DE8}") = "02. Services", "02. Services", "{36C5E87D-49F8-4312-8CC8-C9A05FF2FC96}"
EndProject
Project("{2150E333-8FDC-42A3-9474-1A3956D46DE8}") = "03. Persistence", "03. Persistence", "{2C7C252D-1E54-4B52-968D-4E37C575C483}"
EndProject
Project("{2150E333-8FDC-42A3-9474-1A3956D46DE8}") = "04. Models", "04. Models", "{F0525C09-BD95-4D79-A5F4-3E233A6397AC}"
EndProject
Project("{2150E333-8FDC-42A3-9474-1A3956D46DE8}") = "05. Testing", "05. Testing", "{A1A70493-8F09-45FB-8EDB-117AD48EB593}"
EndProject
Project("{9A19103F-16F7-4668-BE54-9A1E7A4F7556}") = "jostva.Commerce.Identity.Domain", "src\services\Identity\jostva.Commerce.Identity.Domain\jostva.Commerce.Identity.Domain.csproj", "{F37543AD-221E-4A68-BB08-5F4DD048BCAE}"
EndProject
Project("{9A19103F-16F7-4668-BE54-9A1E7A4F7556}") = "jostva.Commerce.Identity.Data", "src\services\Identity\jostva.Commerce.Identity.Data\jostva.Commerce.Identity.Data.csproj", "{7B8EF5BE-6DC0-49DD-9C33-2B967FE620F7}"
EndProject
Project("{9A19103F-16F7-4668-BE54-9A1E7A4F7556}") = "jostva.Commerce.Identity.Api", "src\services\Identity\jostva.Commerce.Identity.Api\jostva.Commerce.Identity.Api.csproj", "{369D5DE9-8272-4B49-8AAB-0698B9CC9B1C}"
EndProject
Project("{9A19103F-16F7-4668-BE54-9A1E7A4F7556}") = "jostva.Commerce.Identity.Services.EventHandlers", "src\services\Identity\jostva.Commerce.Identity.Services.EventHandlers\jostva.Commerce.Identity.Services.EventHandlers.csproj", "{04DE2121-00EF-47F6-9C5A-58A02D5381F4}"
EndProject
Project("{9A19103F-16F7-4668-BE54-9A1E7A4F7556}") = "jostva.Commerce.Identity.Services.Queries", "src\services\Identity\jostva.Commerce.Identity.Services.Queries\jostva.Commerce.Identity.Services.Queries.csproj", "{FF3D6A77-9AB9-4853-8C6E-03772016903E}"
EndProject
Project("{2150E333-8FDC-42A3-9474-1A3956D46DE8}") = "Apis", "Apis", "{47C5080D-2994-497B-870B-6C462016D81B}"
EndProject
Project("{9A19103F-16F7-4668-BE54-9A1E7A4F7556}") = "jostva.Commerce.Gateway.WebClient", "src\gateways\jostva.Commerce.Gateway.WebClient\jostva.Commerce.Gateway.WebClient.csproj", "{9AED11CB-72CC-47C6-855B-294B8E439021}"
EndProject
Project("{9A19103F-16F7-4668-BE54-9A1E7A4F7556}") = "jostva.Commerce.Gateway.Proxies", "src\gateways\jostva.Commerce.Gateway.Proxies\jostva.Commerce.Gateway.Proxies.csproj", "{758AF59A-441B-4A96-84CA-87678DB5E150}"
EndProject
Project("{9A19103F-16F7-4668-BE54-9A1E7A4F7556}") = "jostva.Commerce.Gateway.Models", "src\gateways\jostva.Commerce.Gateway.Models\jostva.Commerce.Gateway.Models.csproj", "{F1A77F4E-52CB-46F9-A621-F4EEF4A2CD93}"
EndProject
Project("{FAE04EC0-301F-11D3-BF4B-00C04F79EFBC}") = "jostva.Commerce.Client.Authentication", "src\clients\jostva.Commerce.Client.Authentication\jostva.Commerce.Client.Authentication.csproj", "{2B62286E-9B2E-405C-9AB4-E8C811494081}"
EndProject
Project("{FAE04EC0-301F-11D3-BF4B-00C04F79EFBC}") = "jostva.Commerce.Client.WebClient", "src\clients\jostva.Commerce.Client.WebClient\jostva.Commerce.Client.WebClient.csproj", "{870B9CDE-AB86-4F5E-8695-0C5E25428F48}"
EndProject
Project("{FAE04EC0-301F-11D3-BF4B-00C04F79EFBC}") = "jostva.Commerce.Gateway.WebClient.Proxy", "src\gateways\jostva.Commerce.Gateway.WebClient.Proxy\jostva.Commerce.Gateway.WebClient.Proxy.csproj", "{CAE56CEF-4F5F-494A-BDC3-39AF5467E137}"
EndProject
Global
	GlobalSection(SolutionConfigurationPlatforms) = preSolution
		Debug|Any CPU = Debug|Any CPU
		Release|Any CPU = Release|Any CPU
	EndGlobalSection
	GlobalSection(ProjectConfigurationPlatforms) = postSolution
		{153C067A-20B8-4737-AA60-C266B81AFF1F}.Debug|Any CPU.ActiveCfg = Debug|Any CPU
		{153C067A-20B8-4737-AA60-C266B81AFF1F}.Debug|Any CPU.Build.0 = Debug|Any CPU
		{153C067A-20B8-4737-AA60-C266B81AFF1F}.Release|Any CPU.ActiveCfg = Release|Any CPU
		{153C067A-20B8-4737-AA60-C266B81AFF1F}.Release|Any CPU.Build.0 = Release|Any CPU
		{F1B881F4-76C0-4046-B856-EEC4D6782C55}.Debug|Any CPU.ActiveCfg = Debug|Any CPU
		{F1B881F4-76C0-4046-B856-EEC4D6782C55}.Debug|Any CPU.Build.0 = Debug|Any CPU
		{F1B881F4-76C0-4046-B856-EEC4D6782C55}.Release|Any CPU.ActiveCfg = Release|Any CPU
		{F1B881F4-76C0-4046-B856-EEC4D6782C55}.Release|Any CPU.Build.0 = Release|Any CPU
		{B9E7F7E9-94F5-4397-88A5-A2CB29D22FD1}.Debug|Any CPU.ActiveCfg = Debug|Any CPU
		{B9E7F7E9-94F5-4397-88A5-A2CB29D22FD1}.Debug|Any CPU.Build.0 = Debug|Any CPU
		{B9E7F7E9-94F5-4397-88A5-A2CB29D22FD1}.Release|Any CPU.ActiveCfg = Release|Any CPU
		{B9E7F7E9-94F5-4397-88A5-A2CB29D22FD1}.Release|Any CPU.Build.0 = Release|Any CPU
		{B7FE5766-EB11-44ED-88F7-DBE4375C0065}.Debug|Any CPU.ActiveCfg = Debug|Any CPU
		{B7FE5766-EB11-44ED-88F7-DBE4375C0065}.Debug|Any CPU.Build.0 = Debug|Any CPU
		{B7FE5766-EB11-44ED-88F7-DBE4375C0065}.Release|Any CPU.ActiveCfg = Release|Any CPU
		{B7FE5766-EB11-44ED-88F7-DBE4375C0065}.Release|Any CPU.Build.0 = Release|Any CPU
		{779EE0F4-8E1C-4EA1-A896-185A117DBB33}.Debug|Any CPU.ActiveCfg = Debug|Any CPU
		{779EE0F4-8E1C-4EA1-A896-185A117DBB33}.Debug|Any CPU.Build.0 = Debug|Any CPU
		{779EE0F4-8E1C-4EA1-A896-185A117DBB33}.Release|Any CPU.ActiveCfg = Release|Any CPU
		{779EE0F4-8E1C-4EA1-A896-185A117DBB33}.Release|Any CPU.Build.0 = Release|Any CPU
		{74D5DF4C-810B-430E-A84C-CCC54F28730A}.Debug|Any CPU.ActiveCfg = Debug|Any CPU
		{74D5DF4C-810B-430E-A84C-CCC54F28730A}.Debug|Any CPU.Build.0 = Debug|Any CPU
		{74D5DF4C-810B-430E-A84C-CCC54F28730A}.Release|Any CPU.ActiveCfg = Release|Any CPU
		{74D5DF4C-810B-430E-A84C-CCC54F28730A}.Release|Any CPU.Build.0 = Release|Any CPU
		{B97C9564-4AC8-4296-8D8A-8E65D152492B}.Debug|Any CPU.ActiveCfg = Debug|Any CPU
		{B97C9564-4AC8-4296-8D8A-8E65D152492B}.Debug|Any CPU.Build.0 = Debug|Any CPU
		{B97C9564-4AC8-4296-8D8A-8E65D152492B}.Release|Any CPU.ActiveCfg = Release|Any CPU
		{B97C9564-4AC8-4296-8D8A-8E65D152492B}.Release|Any CPU.Build.0 = Release|Any CPU
		{5C06F689-FD72-4A83-AF51-C5CC9E362634}.Debug|Any CPU.ActiveCfg = Debug|Any CPU
		{5C06F689-FD72-4A83-AF51-C5CC9E362634}.Debug|Any CPU.Build.0 = Debug|Any CPU
		{5C06F689-FD72-4A83-AF51-C5CC9E362634}.Release|Any CPU.ActiveCfg = Release|Any CPU
		{5C06F689-FD72-4A83-AF51-C5CC9E362634}.Release|Any CPU.Build.0 = Release|Any CPU
		{6F90AA82-810C-4295-B9C7-82E40AD9658C}.Debug|Any CPU.ActiveCfg = Debug|Any CPU
		{6F90AA82-810C-4295-B9C7-82E40AD9658C}.Debug|Any CPU.Build.0 = Debug|Any CPU
		{6F90AA82-810C-4295-B9C7-82E40AD9658C}.Release|Any CPU.ActiveCfg = Release|Any CPU
		{6F90AA82-810C-4295-B9C7-82E40AD9658C}.Release|Any CPU.Build.0 = Release|Any CPU
		{5ED7EA9F-4A52-487A-939C-48CFC5B17202}.Debug|Any CPU.ActiveCfg = Debug|Any CPU
		{5ED7EA9F-4A52-487A-939C-48CFC5B17202}.Debug|Any CPU.Build.0 = Debug|Any CPU
		{5ED7EA9F-4A52-487A-939C-48CFC5B17202}.Release|Any CPU.ActiveCfg = Release|Any CPU
		{5ED7EA9F-4A52-487A-939C-48CFC5B17202}.Release|Any CPU.Build.0 = Release|Any CPU
		{A20D47AD-BFF7-47A4-9435-407ACA602DAC}.Debug|Any CPU.ActiveCfg = Debug|Any CPU
		{A20D47AD-BFF7-47A4-9435-407ACA602DAC}.Debug|Any CPU.Build.0 = Debug|Any CPU
		{A20D47AD-BFF7-47A4-9435-407ACA602DAC}.Release|Any CPU.ActiveCfg = Release|Any CPU
		{A20D47AD-BFF7-47A4-9435-407ACA602DAC}.Release|Any CPU.Build.0 = Release|Any CPU
		{36DA5021-FEBB-48CC-BB35-95CF1481F7DE}.Debug|Any CPU.ActiveCfg = Debug|Any CPU
		{36DA5021-FEBB-48CC-BB35-95CF1481F7DE}.Debug|Any CPU.Build.0 = Debug|Any CPU
		{36DA5021-FEBB-48CC-BB35-95CF1481F7DE}.Release|Any CPU.ActiveCfg = Release|Any CPU
		{36DA5021-FEBB-48CC-BB35-95CF1481F7DE}.Release|Any CPU.Build.0 = Release|Any CPU
		{0B21C9B1-E211-4695-8EFA-B1C630E9E53E}.Debug|Any CPU.ActiveCfg = Debug|Any CPU
		{0B21C9B1-E211-4695-8EFA-B1C630E9E53E}.Debug|Any CPU.Build.0 = Debug|Any CPU
		{0B21C9B1-E211-4695-8EFA-B1C630E9E53E}.Release|Any CPU.ActiveCfg = Release|Any CPU
		{0B21C9B1-E211-4695-8EFA-B1C630E9E53E}.Release|Any CPU.Build.0 = Release|Any CPU
		{80110BED-C1DB-4FC3-9F88-5508941C01DC}.Debug|Any CPU.ActiveCfg = Debug|Any CPU
		{80110BED-C1DB-4FC3-9F88-5508941C01DC}.Debug|Any CPU.Build.0 = Debug|Any CPU
		{80110BED-C1DB-4FC3-9F88-5508941C01DC}.Release|Any CPU.ActiveCfg = Release|Any CPU
		{80110BED-C1DB-4FC3-9F88-5508941C01DC}.Release|Any CPU.Build.0 = Release|Any CPU
		{BCB6BD57-A91D-4443-9BD4-2EA72F5BE328}.Debug|Any CPU.ActiveCfg = Debug|Any CPU
		{BCB6BD57-A91D-4443-9BD4-2EA72F5BE328}.Debug|Any CPU.Build.0 = Debug|Any CPU
		{BCB6BD57-A91D-4443-9BD4-2EA72F5BE328}.Release|Any CPU.ActiveCfg = Release|Any CPU
		{BCB6BD57-A91D-4443-9BD4-2EA72F5BE328}.Release|Any CPU.Build.0 = Release|Any CPU
		{8B728EC2-1094-4201-ABBA-FEC89132C542}.Debug|Any CPU.ActiveCfg = Debug|Any CPU
		{8B728EC2-1094-4201-ABBA-FEC89132C542}.Debug|Any CPU.Build.0 = Debug|Any CPU
		{8B728EC2-1094-4201-ABBA-FEC89132C542}.Release|Any CPU.ActiveCfg = Release|Any CPU
		{8B728EC2-1094-4201-ABBA-FEC89132C542}.Release|Any CPU.Build.0 = Release|Any CPU
		{CE51C580-37B7-494D-926A-D94C8DD6876B}.Debug|Any CPU.ActiveCfg = Debug|Any CPU
		{CE51C580-37B7-494D-926A-D94C8DD6876B}.Debug|Any CPU.Build.0 = Debug|Any CPU
		{CE51C580-37B7-494D-926A-D94C8DD6876B}.Release|Any CPU.ActiveCfg = Release|Any CPU
		{CE51C580-37B7-494D-926A-D94C8DD6876B}.Release|Any CPU.Build.0 = Release|Any CPU
		{F182D813-8291-4F13-88ED-33E03B1FC9BA}.Debug|Any CPU.ActiveCfg = Debug|Any CPU
		{F182D813-8291-4F13-88ED-33E03B1FC9BA}.Debug|Any CPU.Build.0 = Debug|Any CPU
		{F182D813-8291-4F13-88ED-33E03B1FC9BA}.Release|Any CPU.ActiveCfg = Release|Any CPU
		{F182D813-8291-4F13-88ED-33E03B1FC9BA}.Release|Any CPU.Build.0 = Release|Any CPU
		{B942BB8B-CFCF-42A0-B0A9-9B3EA97A7984}.Debug|Any CPU.ActiveCfg = Debug|Any CPU
		{B942BB8B-CFCF-42A0-B0A9-9B3EA97A7984}.Debug|Any CPU.Build.0 = Debug|Any CPU
		{B942BB8B-CFCF-42A0-B0A9-9B3EA97A7984}.Release|Any CPU.ActiveCfg = Release|Any CPU
		{B942BB8B-CFCF-42A0-B0A9-9B3EA97A7984}.Release|Any CPU.Build.0 = Release|Any CPU
		{4840A80E-23D7-47C9-B4A5-460425AB362E}.Debug|Any CPU.ActiveCfg = Debug|Any CPU
		{4840A80E-23D7-47C9-B4A5-460425AB362E}.Debug|Any CPU.Build.0 = Debug|Any CPU
		{4840A80E-23D7-47C9-B4A5-460425AB362E}.Release|Any CPU.ActiveCfg = Release|Any CPU
		{4840A80E-23D7-47C9-B4A5-460425AB362E}.Release|Any CPU.Build.0 = Release|Any CPU
		{A2E3D116-6798-4103-BC4F-9283333DAD4A}.Debug|Any CPU.ActiveCfg = Debug|Any CPU
		{A2E3D116-6798-4103-BC4F-9283333DAD4A}.Debug|Any CPU.Build.0 = Debug|Any CPU
		{A2E3D116-6798-4103-BC4F-9283333DAD4A}.Release|Any CPU.ActiveCfg = Release|Any CPU
		{A2E3D116-6798-4103-BC4F-9283333DAD4A}.Release|Any CPU.Build.0 = Release|Any CPU
		{93DDA5B1-F860-48C7-85B1-36FA9D60BC23}.Debug|Any CPU.ActiveCfg = Debug|Any CPU
		{93DDA5B1-F860-48C7-85B1-36FA9D60BC23}.Debug|Any CPU.Build.0 = Debug|Any CPU
		{93DDA5B1-F860-48C7-85B1-36FA9D60BC23}.Release|Any CPU.ActiveCfg = Release|Any CPU
		{93DDA5B1-F860-48C7-85B1-36FA9D60BC23}.Release|Any CPU.Build.0 = Release|Any CPU
		{676F548F-11F8-44EF-B16B-DBC3D71B5D62}.Debug|Any CPU.ActiveCfg = Debug|Any CPU
		{676F548F-11F8-44EF-B16B-DBC3D71B5D62}.Debug|Any CPU.Build.0 = Debug|Any CPU
		{676F548F-11F8-44EF-B16B-DBC3D71B5D62}.Release|Any CPU.ActiveCfg = Release|Any CPU
		{676F548F-11F8-44EF-B16B-DBC3D71B5D62}.Release|Any CPU.Build.0 = Release|Any CPU
		{954B1057-1A33-424A-B9D9-839DE24EBE85}.Debug|Any CPU.ActiveCfg = Debug|Any CPU
		{954B1057-1A33-424A-B9D9-839DE24EBE85}.Debug|Any CPU.Build.0 = Debug|Any CPU
		{954B1057-1A33-424A-B9D9-839DE24EBE85}.Release|Any CPU.ActiveCfg = Release|Any CPU
		{954B1057-1A33-424A-B9D9-839DE24EBE85}.Release|Any CPU.Build.0 = Release|Any CPU
		{C50DDCC7-9E2E-479C-9BD8-E4C1597578BC}.Debug|Any CPU.ActiveCfg = Debug|Any CPU
		{C50DDCC7-9E2E-479C-9BD8-E4C1597578BC}.Debug|Any CPU.Build.0 = Debug|Any CPU
		{C50DDCC7-9E2E-479C-9BD8-E4C1597578BC}.Release|Any CPU.ActiveCfg = Release|Any CPU
		{C50DDCC7-9E2E-479C-9BD8-E4C1597578BC}.Release|Any CPU.Build.0 = Release|Any CPU
		{F37543AD-221E-4A68-BB08-5F4DD048BCAE}.Debug|Any CPU.ActiveCfg = Debug|Any CPU
		{F37543AD-221E-4A68-BB08-5F4DD048BCAE}.Debug|Any CPU.Build.0 = Debug|Any CPU
		{F37543AD-221E-4A68-BB08-5F4DD048BCAE}.Release|Any CPU.ActiveCfg = Release|Any CPU
		{F37543AD-221E-4A68-BB08-5F4DD048BCAE}.Release|Any CPU.Build.0 = Release|Any CPU
		{7B8EF5BE-6DC0-49DD-9C33-2B967FE620F7}.Debug|Any CPU.ActiveCfg = Debug|Any CPU
		{7B8EF5BE-6DC0-49DD-9C33-2B967FE620F7}.Debug|Any CPU.Build.0 = Debug|Any CPU
		{7B8EF5BE-6DC0-49DD-9C33-2B967FE620F7}.Release|Any CPU.ActiveCfg = Release|Any CPU
		{7B8EF5BE-6DC0-49DD-9C33-2B967FE620F7}.Release|Any CPU.Build.0 = Release|Any CPU
		{369D5DE9-8272-4B49-8AAB-0698B9CC9B1C}.Debug|Any CPU.ActiveCfg = Debug|Any CPU
		{369D5DE9-8272-4B49-8AAB-0698B9CC9B1C}.Debug|Any CPU.Build.0 = Debug|Any CPU
		{369D5DE9-8272-4B49-8AAB-0698B9CC9B1C}.Release|Any CPU.ActiveCfg = Release|Any CPU
		{369D5DE9-8272-4B49-8AAB-0698B9CC9B1C}.Release|Any CPU.Build.0 = Release|Any CPU
		{04DE2121-00EF-47F6-9C5A-58A02D5381F4}.Debug|Any CPU.ActiveCfg = Debug|Any CPU
		{04DE2121-00EF-47F6-9C5A-58A02D5381F4}.Debug|Any CPU.Build.0 = Debug|Any CPU
		{04DE2121-00EF-47F6-9C5A-58A02D5381F4}.Release|Any CPU.ActiveCfg = Release|Any CPU
		{04DE2121-00EF-47F6-9C5A-58A02D5381F4}.Release|Any CPU.Build.0 = Release|Any CPU
		{FF3D6A77-9AB9-4853-8C6E-03772016903E}.Debug|Any CPU.ActiveCfg = Debug|Any CPU
		{FF3D6A77-9AB9-4853-8C6E-03772016903E}.Debug|Any CPU.Build.0 = Debug|Any CPU
		{FF3D6A77-9AB9-4853-8C6E-03772016903E}.Release|Any CPU.ActiveCfg = Release|Any CPU
		{FF3D6A77-9AB9-4853-8C6E-03772016903E}.Release|Any CPU.Build.0 = Release|Any CPU
		{9AED11CB-72CC-47C6-855B-294B8E439021}.Debug|Any CPU.ActiveCfg = Debug|Any CPU
		{9AED11CB-72CC-47C6-855B-294B8E439021}.Debug|Any CPU.Build.0 = Debug|Any CPU
		{9AED11CB-72CC-47C6-855B-294B8E439021}.Release|Any CPU.ActiveCfg = Release|Any CPU
		{9AED11CB-72CC-47C6-855B-294B8E439021}.Release|Any CPU.Build.0 = Release|Any CPU
		{758AF59A-441B-4A96-84CA-87678DB5E150}.Debug|Any CPU.ActiveCfg = Debug|Any CPU
		{758AF59A-441B-4A96-84CA-87678DB5E150}.Debug|Any CPU.Build.0 = Debug|Any CPU
		{758AF59A-441B-4A96-84CA-87678DB5E150}.Release|Any CPU.ActiveCfg = Release|Any CPU
		{758AF59A-441B-4A96-84CA-87678DB5E150}.Release|Any CPU.Build.0 = Release|Any CPU
		{F1A77F4E-52CB-46F9-A621-F4EEF4A2CD93}.Debug|Any CPU.ActiveCfg = Debug|Any CPU
		{F1A77F4E-52CB-46F9-A621-F4EEF4A2CD93}.Debug|Any CPU.Build.0 = Debug|Any CPU
		{F1A77F4E-52CB-46F9-A621-F4EEF4A2CD93}.Release|Any CPU.ActiveCfg = Release|Any CPU
		{F1A77F4E-52CB-46F9-A621-F4EEF4A2CD93}.Release|Any CPU.Build.0 = Release|Any CPU
		{2B62286E-9B2E-405C-9AB4-E8C811494081}.Debug|Any CPU.ActiveCfg = Debug|Any CPU
		{2B62286E-9B2E-405C-9AB4-E8C811494081}.Debug|Any CPU.Build.0 = Debug|Any CPU
		{2B62286E-9B2E-405C-9AB4-E8C811494081}.Release|Any CPU.ActiveCfg = Release|Any CPU
		{2B62286E-9B2E-405C-9AB4-E8C811494081}.Release|Any CPU.Build.0 = Release|Any CPU
		{870B9CDE-AB86-4F5E-8695-0C5E25428F48}.Debug|Any CPU.ActiveCfg = Debug|Any CPU
		{870B9CDE-AB86-4F5E-8695-0C5E25428F48}.Debug|Any CPU.Build.0 = Debug|Any CPU
		{870B9CDE-AB86-4F5E-8695-0C5E25428F48}.Release|Any CPU.ActiveCfg = Release|Any CPU
		{870B9CDE-AB86-4F5E-8695-0C5E25428F48}.Release|Any CPU.Build.0 = Release|Any CPU
		{CAE56CEF-4F5F-494A-BDC3-39AF5467E137}.Debug|Any CPU.ActiveCfg = Debug|Any CPU
		{CAE56CEF-4F5F-494A-BDC3-39AF5467E137}.Debug|Any CPU.Build.0 = Debug|Any CPU
		{CAE56CEF-4F5F-494A-BDC3-39AF5467E137}.Release|Any CPU.ActiveCfg = Release|Any CPU
		{CAE56CEF-4F5F-494A-BDC3-39AF5467E137}.Release|Any CPU.Build.0 = Release|Any CPU
	EndGlobalSection
	GlobalSection(SolutionProperties) = preSolution
		HideSolutionNode = FALSE
	EndGlobalSection
	GlobalSection(NestedProjects) = preSolution
		{0ED47EF1-EDFB-4DED-AF4E-EC349CDE4AAA} = {01792237-642D-4808-ABE6-834D1C4F5A11}
		{D2F61393-4660-40A4-9C5B-CFDD27EB32D6} = {01792237-642D-4808-ABE6-834D1C4F5A11}
		{33D57ADC-FE6E-4E8A-92D1-79E6FFD25C1D} = {01792237-642D-4808-ABE6-834D1C4F5A11}
		{D0A3DAC7-E808-4E09-BCB2-6890487185BB} = {01792237-642D-4808-ABE6-834D1C4F5A11}
		{153C067A-20B8-4737-AA60-C266B81AFF1F} = {38B17F25-FC43-46FF-9BC3-C5AFD938812A}
		{38B17F25-FC43-46FF-9BC3-C5AFD938812A} = {D2F61393-4660-40A4-9C5B-CFDD27EB32D6}
		{C5FF97C5-8347-4C1D-98E1-CA18A0D9A631} = {D2F61393-4660-40A4-9C5B-CFDD27EB32D6}
		{23124D88-3E08-4AB3-AD74-3CC9B9A09CA2} = {D2F61393-4660-40A4-9C5B-CFDD27EB32D6}
		{64181CA6-4C9E-41F5-87A0-774C21423F76} = {D2F61393-4660-40A4-9C5B-CFDD27EB32D6}
		{F1B881F4-76C0-4046-B856-EEC4D6782C55} = {64181CA6-4C9E-41F5-87A0-774C21423F76}
		{B9E7F7E9-94F5-4397-88A5-A2CB29D22FD1} = {23124D88-3E08-4AB3-AD74-3CC9B9A09CA2}
		{B7FE5766-EB11-44ED-88F7-DBE4375C0065} = {C5FF97C5-8347-4C1D-98E1-CA18A0D9A631}
		{7DF332D3-31C3-48A5-BA86-BD9C4C3AFD6B} = {01792237-642D-4808-ABE6-834D1C4F5A11}
		{779EE0F4-8E1C-4EA1-A896-185A117DBB33} = {7DF332D3-31C3-48A5-BA86-BD9C4C3AFD6B}
		{74D5DF4C-810B-430E-A84C-CCC54F28730A} = {7DF332D3-31C3-48A5-BA86-BD9C4C3AFD6B}
		{B97C9564-4AC8-4296-8D8A-8E65D152492B} = {7DF332D3-31C3-48A5-BA86-BD9C4C3AFD6B}
		{5C06F689-FD72-4A83-AF51-C5CC9E362634} = {7DF332D3-31C3-48A5-BA86-BD9C4C3AFD6B}
		{6F90AA82-810C-4295-B9C7-82E40AD9658C} = {C5FF97C5-8347-4C1D-98E1-CA18A0D9A631}
		{616AE8AB-8436-4A97-8756-D2FC27E38532} = {D2F61393-4660-40A4-9C5B-CFDD27EB32D6}
		{5ED7EA9F-4A52-487A-939C-48CFC5B17202} = {616AE8AB-8436-4A97-8756-D2FC27E38532}
		{A20D47AD-BFF7-47A4-9435-407ACA602DAC} = {D060F252-F1F3-4D2E-B1C0-CDD3FB324504}
		{0B72AA8A-FC94-42A8-8048-858FA0C2978F} = {D2F61393-4660-40A4-9C5B-CFDD27EB32D6}
		{36DA5021-FEBB-48CC-BB35-95CF1481F7DE} = {0B72AA8A-FC94-42A8-8048-858FA0C2978F}
		{0A14703F-440A-4872-9CFA-F86DA8CDEA43} = {33D57ADC-FE6E-4E8A-92D1-79E6FFD25C1D}
		{6E26F960-BA20-49E8-8159-32B82ED2BAB7} = {33D57ADC-FE6E-4E8A-92D1-79E6FFD25C1D}
		{F33A3902-CE42-4C44-ADB4-2AC741C45640} = {33D57ADC-FE6E-4E8A-92D1-79E6FFD25C1D}
		{8E6DB004-CD08-4600-8A87-300C49BD76D3} = {33D57ADC-FE6E-4E8A-92D1-79E6FFD25C1D}
		{AAE15B82-5BA3-4F60-87AE-BAFAC5DFF5E0} = {33D57ADC-FE6E-4E8A-92D1-79E6FFD25C1D}
		{0B21C9B1-E211-4695-8EFA-B1C630E9E53E} = {8E6DB004-CD08-4600-8A87-300C49BD76D3}
		{80110BED-C1DB-4FC3-9F88-5508941C01DC} = {F33A3902-CE42-4C44-ADB4-2AC741C45640}
		{BCB6BD57-A91D-4443-9BD4-2EA72F5BE328} = {6E26F960-BA20-49E8-8159-32B82ED2BAB7}
		{8B728EC2-1094-4201-ABBA-FEC89132C542} = {6E26F960-BA20-49E8-8159-32B82ED2BAB7}
		{CE51C580-37B7-494D-926A-D94C8DD6876B} = {0A14703F-440A-4872-9CFA-F86DA8CDEA43}
		{6DA6EA07-48A6-48C7-8A50-6832936F0794} = {D0A3DAC7-E808-4E09-BCB2-6890487185BB}
		{39B8BE55-EEDF-43DC-B97D-42E689EAFC1E} = {D0A3DAC7-E808-4E09-BCB2-6890487185BB}
		{9A9B2A3A-8EE4-4530-9E4E-A26B2A7E9989} = {D0A3DAC7-E808-4E09-BCB2-6890487185BB}
		{E7CA0E9C-6584-4CBF-B034-FD86B4482F3E} = {D0A3DAC7-E808-4E09-BCB2-6890487185BB}
		{6762F391-2519-445B-A640-C9C006F5AA62} = {D0A3DAC7-E808-4E09-BCB2-6890487185BB}
		{80BD0CFA-5C91-4A14-AAD1-E8F5E88DDE5E} = {D0A3DAC7-E808-4E09-BCB2-6890487185BB}
		{F182D813-8291-4F13-88ED-33E03B1FC9BA} = {6762F391-2519-445B-A640-C9C006F5AA62}
		{B942BB8B-CFCF-42A0-B0A9-9B3EA97A7984} = {E7CA0E9C-6584-4CBF-B034-FD86B4482F3E}
		{4840A80E-23D7-47C9-B4A5-460425AB362E} = {9A9B2A3A-8EE4-4530-9E4E-A26B2A7E9989}
		{A2E3D116-6798-4103-BC4F-9283333DAD4A} = {39B8BE55-EEDF-43DC-B97D-42E689EAFC1E}
		{93DDA5B1-F860-48C7-85B1-36FA9D60BC23} = {39B8BE55-EEDF-43DC-B97D-42E689EAFC1E}
		{676F548F-11F8-44EF-B16B-DBC3D71B5D62} = {39B8BE55-EEDF-43DC-B97D-42E689EAFC1E}
		{954B1057-1A33-424A-B9D9-839DE24EBE85} = {6DA6EA07-48A6-48C7-8A50-6832936F0794}
		{903CD4CD-3FE4-4706-BBF2-D9680DE2DAE2} = {D2F61393-4660-40A4-9C5B-CFDD27EB32D6}
		{C50DDCC7-9E2E-479C-9BD8-E4C1597578BC} = {903CD4CD-3FE4-4706-BBF2-D9680DE2DAE2}
		{6307E8A9-9FC9-4455-9A49-857DACC2E17C} = {0ED47EF1-EDFB-4DED-AF4E-EC349CDE4AAA}
		{36C5E87D-49F8-4312-8CC8-C9A05FF2FC96} = {0ED47EF1-EDFB-4DED-AF4E-EC349CDE4AAA}
		{2C7C252D-1E54-4B52-968D-4E37C575C483} = {0ED47EF1-EDFB-4DED-AF4E-EC349CDE4AAA}
		{F0525C09-BD95-4D79-A5F4-3E233A6397AC} = {0ED47EF1-EDFB-4DED-AF4E-EC349CDE4AAA}
		{A1A70493-8F09-45FB-8EDB-117AD48EB593} = {0ED47EF1-EDFB-4DED-AF4E-EC349CDE4AAA}
		{F37543AD-221E-4A68-BB08-5F4DD048BCAE} = {F0525C09-BD95-4D79-A5F4-3E233A6397AC}
		{7B8EF5BE-6DC0-49DD-9C33-2B967FE620F7} = {2C7C252D-1E54-4B52-968D-4E37C575C483}
		{369D5DE9-8272-4B49-8AAB-0698B9CC9B1C} = {6307E8A9-9FC9-4455-9A49-857DACC2E17C}
		{04DE2121-00EF-47F6-9C5A-58A02D5381F4} = {36C5E87D-49F8-4312-8CC8-C9A05FF2FC96}
		{FF3D6A77-9AB9-4853-8C6E-03772016903E} = {36C5E87D-49F8-4312-8CC8-C9A05FF2FC96}
		{47C5080D-2994-497B-870B-6C462016D81B} = {EC66F73D-7A25-411A-A969-3CBB5B3CBA46}
		{9AED11CB-72CC-47C6-855B-294B8E439021} = {47C5080D-2994-497B-870B-6C462016D81B}
		{758AF59A-441B-4A96-84CA-87678DB5E150} = {EC66F73D-7A25-411A-A969-3CBB5B3CBA46}
		{F1A77F4E-52CB-46F9-A621-F4EEF4A2CD93} = {EC66F73D-7A25-411A-A969-3CBB5B3CBA46}
		{2B62286E-9B2E-405C-9AB4-E8C811494081} = {9ADE9013-EAF0-4CCB-8B96-F70197869EC6}
		{870B9CDE-AB86-4F5E-8695-0C5E25428F48} = {9ADE9013-EAF0-4CCB-8B96-F70197869EC6}
		{CAE56CEF-4F5F-494A-BDC3-39AF5467E137} = {47C5080D-2994-497B-870B-6C462016D81B}
	EndGlobalSection
	GlobalSection(ExtensibilityGlobals) = postSolution
		SolutionGuid = {A2DE560C-E097-414C-BE08-628DB7C68E16}
	EndGlobalSection
EndGlobal
